{
  "version": 4,
  "terraform_version": "1.11.3",
  "serial": 4,
  "lineage": "98bc5e63-d807-bd9f-fd89-4652dc6c9d0c",
  "outputs": {},
  "resources": [
    {
      "mode": "data",
      "type": "github_repository",
      "name": "repo_info",
      "provider": "provider[\"registry.terraform.io/hashicorp/github\"]",
      "instances": [
        {
          "index_key": "NewRepoFor",
          "schema_version": 0,
          "attributes": {
            "allow_auto_merge": false,
            "allow_merge_commit": true,
            "allow_rebase_merge": true,
            "allow_squash_merge": true,
            "allow_update_branch": false,
            "archived": false,
            "default_branch": "main",
            "delete_branch_on_merge": false,
            "description": "",
            "fork": false,
            "full_name": "myTestOrg0/NewRepoFor",
            "git_clone_url": "git://github.com/myTestOrg0/NewRepoFor.git",
            "has_discussions": false,
            "has_downloads": false,
            "has_issues": true,
            "has_projects": false,
            "has_wiki": true,
            "homepage_url": "",
            "html_url": "https://github.com/myTestOrg0/NewRepoFor",
            "http_clone_url": "https://github.com/myTestOrg0/NewRepoFor.git",
            "id": "NewRepoFor",
            "is_template": false,
            "merge_commit_message": "PR_TITLE",
            "merge_commit_title": "MERGE_MESSAGE",
            "name": "NewRepoFor",
            "node_id": "R_kgDOONynLA",
            "pages": [],
            "primary_language": "",
            "private": false,
            "repo_id": 953984812,
            "repository_license": [],
            "squash_merge_commit_message": "COMMIT_MESSAGES",
            "squash_merge_commit_title": "COMMIT_OR_PR_TITLE",
            "ssh_clone_url": "git@github.com:myTestOrg0/NewRepoFor.git",
            "svn_url": "https://github.com/myTestOrg0/NewRepoFor",
            "template": [],
            "topics": [],
            "visibility": "public"
          },
          "sensitive_attributes": []
        }
      ]
    },
    {
      "mode": "managed",
      "type": "github_repository",
      "name": "repo",
      "provider": "provider[\"registry.terraform.io/hashicorp/github\"]",
      "instances": [
        {
          "index_key": 0,
          "schema_version": 1,
          "attributes": {
            "allow_auto_merge": false,
            "allow_merge_commit": true,
            "allow_rebase_merge": true,
            "allow_squash_merge": true,
            "allow_update_branch": false,
            "archive_on_destroy": null,
            "archived": false,
            "auto_init": false,
            "default_branch": "main",
            "delete_branch_on_merge": false,
            "description": "",
            "etag": "W/\"a5a951dbac66e940b7ae59fb18b161b70d37e669959101e079b758204f073908\"",
            "full_name": "myTestOrg0/NewRepoFor",
            "git_clone_url": "git://github.com/myTestOrg0/NewRepoFor.git",
            "gitignore_template": null,
            "has_discussions": false,
            "has_downloads": false,
            "has_issues": true,
            "has_projects": false,
            "has_wiki": true,
            "homepage_url": "",
            "html_url": "https://github.com/myTestOrg0/NewRepoFor",
            "http_clone_url": "https://github.com/myTestOrg0/NewRepoFor.git",
            "id": "NewRepoFor",
            "ignore_vulnerability_alerts_during_read": null,
            "is_template": false,
            "license_template": null,
            "merge_commit_message": "PR_TITLE",
            "merge_commit_title": "MERGE_MESSAGE",
            "name": "NewRepoFor",
            "node_id": "R_kgDOONynLA",
            "pages": [],
            "primary_language": "",
            "private": false,
            "repo_id": 953984812,
            "security_and_analysis": [
              {
                "advanced_security": [],
                "secret_scanning": [
                  {
                    "status": "enabled"
                  }
                ],
                "secret_scanning_push_protection": [
                  {
                    "status": "enabled"
                  }
                ]
              }
            ],
            "squash_merge_commit_message": "COMMIT_MESSAGES",
            "squash_merge_commit_title": "COMMIT_OR_PR_TITLE",
            "ssh_clone_url": "git@github.com:myTestOrg0/NewRepoFor.git",
            "svn_url": "https://github.com/myTestOrg0/NewRepoFor",
            "template": [],
            "topics": [],
            "visibility": "public",
            "vulnerability_alerts": true,
            "web_commit_signoff_required": false
          },
          "sensitive_attributes": [],
          "private": "eyJzY2hlbWFfdmVyc2lvbiI6IjEifQ=="
        }
      ]
    },
    {
      "mode": "managed",
      "type": "github_repository_collaborator",
      "name": "a_repo_collaborator",
      "provider": "provider[\"registry.terraform.io/hashicorp/github\"]",
      "instances": [
        {
          "index_key": "NewRepoFor",
          "schema_version": 0,
          "attributes": {
            "id": "NewRepoFor:dumnarix",
            "invitation_id": null,
            "permission": "push",
            "permission_diff_suppression": false,
            "repository": "NewRepoFor",
            "username": "dumnarix"
          },
          "sensitive_attributes": [],
          "private": "bnVsbA=="
        }
      ]
    },
    {
      "mode": "managed",
      "type": "github_team_repository",
      "name": "some_team_repo",
      "provider": "provider[\"registry.terraform.io/hashicorp/github\"]",
      "instances": [
        {
          "index_key": "NewRepoFor",
          "schema_version": 0,
          "attributes": {
            "etag": "W/\"3aaa6f4c3a64e2e76ba14dafc84dead2ae0951acd6041df3218b0420a4ffc9d7\"",
            "id": "12540532:NewRepoFor",
            "permission": "push",
            "repository": "NewRepoFor",
            "team_id": "Test_team"
          },
          "sensitive_attributes": [],
          "private": "bnVsbA=="
        }
      ]
    }
  ],
  "check_results": null
}
